github.com/gggwvg/crontab v1.0.0 h1:9xO+wP/ww6jsKVzJVCcogHg/5+34+TUjRT7PgKVAbv4=
github.com/gggwvg/crontab v1.0.0/go.mod h1:ssMJcuUJJrKnYDQx9axiUdbGaR/cb0bA6Ooc0lQ7KbE=
github.com/gggwvg/logrotate v0.0.0-20200322120932-799285fd8add h1:6SK7ucjiL1G5CQt796pVDtK7iLBC3OHRmGnLAYPTyWw=
github.com/gggwvg/logrotate v0.0.0-20200322120932-799285fd8add/go.mod h1:Kl1YW3avny76weFIyF2OruUKG3dE2m439Asy5fk84Ho=
